<?xml version="1.0" encoding="UTF-8" standalone="yes" ?>
<CodeBlocks_project_file>
	<FileVersion major="1" minor="6" />
	<Project>
		<Option title="AC791N_AP_net_ota" />
		<Option compiler="pi32v2_r3_lto_compiler" />
		<Build>
			<Target title="Release">
				<Option output="uboot/apps/post_build/wl82/ota_loader.elf" prefix_auto="0" extension_auto="0" />
				<Option object_output="obj/Release/" />
				<Option type="1" />
				<Option compiler="pi32v2_r3_lto_compiler" />
				<Compiler>
					<Add option="-integrated-as" />
					<Add option="-fallow-pointer-null" />
					<Add option="-fno-common" />
					<Add option="-flto" />
					<Add option="-g" />
					<Add option="-Oz" />
					<Add option="-Werror=implicit-function-declaration" />
					<Add option="-Werror=macro-redefined" />
					<Add option="-Werror=return-type" />
					<Add option="-Werror=int-conversion" />
					<Add option="-Wno-format" />
					<Add option="-Wno-unused-value" />
					<Add option="-Wno-unused-function" />
					<Add option="-Wno-unused-comparison" />
					<Add option="-Wno-parentheses" />
					<Add option="-Wno-tautological-compare" />
					<Add option="-Wno-incompatible-library-redeclaration" />
					<Add option="-Wno-invalid-noreturn" />
					<Add option="-Wno-visibility" />
					<Add option="-Wno-integer-overflow" />
					<Add option="-fms-extensions" />
					<Add option="-Wimplicit-function-declaration" />
					<Add option="-Wno-shift-negative-value" />
					<Add option="-D__GCC_PI32V2__" />
					<Add option="-DOTA_LOADER_TYPE=net_ota" />
					<Add option="-D__PRINTF_DEBUG" />
					<Add option="-DLIWP_USE_SMALL_MEMORY" />
					<Add option="-DCONFIG_CPU_WL82" />
					<Add option="-DCONFIG_NEW_BREDR_ENABLE" />
					<Add option="-DCONFIG_NEW_MODEM_ENABLE" />
					<Add option='-DBT_LOCAL_NAME=\&quot;AC791N_update\&quot;' />
					<Add option="-DCONFIG_NO_SDRAM_ENABLE" />
					<Add option="-DCONFIG_NET_ENABLE=1" />
					<Add option="-DNET_UPDATA_MODULE_CONTROL=1" />
					<Add option="-DCONFIG_WIFI_ENABLE" />
					<Add option="-DCONFIG_FREE_RTOS_ENABLE" />
					<Add option="-DCONFIG_THREAD_ENABLE" />
					<Add option="-DUART_DEBUG" />
					<Add option="-DBT_UPDATA_MODULE_CONTROL=0" />
					<Add option="-DSD_MODULE_CONTROL=0" />
					<Add option="-DUSB_HOST_MODULE_CONTROL=0" />
					<Add option="-DUART_UPDATA_MODULE_CONTROL=0" />
					<Add option="-DUART_UPDATA_USER_MODULE_CONTROL=0" />
					<Add option="-DCONFIG_WL_AP_ENABLE=1" />
					<Add option="-DCONFIG_HHF_PROJECT_ENABLE_1" />
					<Add option="-DNOFLOAT" />
					<Add directory="uboot/app" />
					<Add directory="uboot/include_lib/btstack" />
					<Add directory="uboot/include_lib/common" />
					<Add directory="uboot/include_lib/cpu" />
					<Add directory="uboot/include_lib/cpu/wl82/asm/power" />
					<Add directory="uboot/include_lib/cpu/wl82/asm" />
					<Add directory="uboot/include_lib/cpu/wl82" />
					<Add directory="uboot/include_lib/liba" />
					<Add directory="uboot/include_lib/logic" />
					<Add directory="uboot/include_lib/net" />
					<Add directory="uboot/include_lib/net/lwip_2_1_3/lwip/port/arch" />
					<Add directory="uboot/include_lib/net/lwip_2_1_3/lwip/port" />
					<Add directory="uboot/include_lib/net/lwip_2_1_3/lwip/" />
					<Add directory="uboot/include_lib/net/lwip_2_1_3" />
					<Add directory="uboot/include_lib/net/lwip_2_1_3/lwip/src/include/lwip/priv" />
					<Add directory="uboot/include_lib/net/lwip_2_1_3/lwip/src/include/lwip" />
					<Add directory="uboot/include_lib/net/lwip_2_1_3/lwip/src/include" />
					<Add directory="uboot/include_lib/net/lwip_2_1_3/lwip/src" />
					<Add directory="uboot/include_lib/net/lwip_2_1_3/lwip/src/include/lwip/prot" />
					<Add directory="uboot/include_lib/net/utils" />
					<Add directory="uboot/include_lib/net/wifi" />
					<Add directory="uboot/include_lib/system/crypto_toolbox/micro-ecc" />
					<Add directory="uboot/include_lib/system/crypto_toolbox" />
					<Add directory="uboot/include_lib/system/generic" />
					<Add directory="uboot/include_lib/system/os" />
					<Add directory="uboot/include_lib/system" />
					<Add directory="uboot/apps/include" />
					<Add directory="uboot/apps/include/bluetooth" />
					<Add directory="uboot/apps/include/common" />
					<Add directory="uboot/include_lib" />
					<Add directory="uboot" />
					<Add directory="uboot/apps/code/common" />
					<Add directory="uboot/libs/include/cpu" />
					<Add directory="uboot/libs/include" />
					<Add directory="uboot/libs/logic/include/dev_update" />
					<Add directory="uboot/libs/logic/include" />
					<Add directory="uboot/libs/logic" />
				</Compiler>
				<Linker>
					<Add option="--gc-sections" />
					<Add option="--plugin-opt=-dont-used-symbol-list=malloc,free,sprintf,printf,puts,putchar,perror,vprintf,printi,fopen,fread,fwrite,fseek,strlen,memset,memcpy,strcpy,memmove,strcmp" />
					<Add option="-M=uboot/apps/post_build/wl82/map.txt" />
					<Add option="-Tuboot/apps/post_build/wl82/uboot.ld" />
					<Add option="--plugin-opt=-inline-threshold=5" />
					<Add option="--plugin-opt=-enable-ipra=true" />
					<Add option="--plugin-opt=-pi32v2-always-use-itblock" />
					<Add option="--plugin-opt=-pi32v2-merge-max-offset=64" />
					<Add option="--plugin-opt=-global-merge-on-const" />
					<Add option="--plugin-opt=-pi32v2-enable-simd=true" />
					<Add option="--plugin-opt=-pi32v2-enable-rep-memop=true" />
					<Add option="--plugin-opt=mcpu=r3" />
					<Add option="--plugin-opt=save-temps" />
					<Add option="--start-group" />
					<Add option="uboot/include_lib/liba/wl82/net_ota/logic_lib.a" />
					<Add option="uboot/include_lib/liba/wl82/net_ota/cpu_lib.a" />
					<Add option="uboot/include_lib/liba/wl82/net_ota/wifi_ap_lwip_lib.a" />
					<Add option="uboot/include_lib/liba/wl82/net_ota/os_lib.a" />
					<Add option="--end-group" />
					<Add library="C:/JL/pi32/pi32v2-lib/r3/libm.a" />
				</Linker>
				<ExtraCommands>
					<Add after="uboot\apps\post_build\wl82\download.bat" />
					<Mode after="always" />
				</ExtraCommands>
			</Target>
		</Build>
		<Unit filename="uboot/apps/code/common/Vsnprintf.c">
			<Option compilerVar="CC" />
		</Unit>
		<Unit filename="uboot/apps/code/common/Vsprintf.c">
			<Option compilerVar="CC" />
		</Unit>
		<Unit filename="uboot/apps/code/common/common.c">
			<Option compilerVar="CC" />
		</Unit>
		<Unit filename="uboot/apps/code/common/lbuf_new.c">
			<Option compilerVar="CC" />
		</Unit>
		<Unit filename="uboot/apps/code/common/main.c">
			<Option compilerVar="CC" />
		</Unit>
		<Unit filename="uboot/apps/code/common/msg.c">
			<Option compilerVar="CC" />
		</Unit>
		<Unit filename="uboot/apps/code/common/printf-stdarg.c">
			<Option compilerVar="CC" />
		</Unit>
		<Unit filename="uboot/apps/code/common/version.c">
			<Option compilerVar="CC" />
		</Unit>
		<Unit filename="uboot/apps/code/cpu/wl82/config.c">
			<Option compilerVar="CC" />
		</Unit>
		<Unit filename="uboot/apps/code/cpu/wl82/debug.c">
			<Option compilerVar="CC" />
		</Unit>
		<Unit filename="uboot/apps/code/cpu/wl82/reset.c">
			<Option compilerVar="CC" />
		</Unit>
		<Unit filename="uboot/apps/code/cpu/wl82/uart.c">
			<Option compilerVar="CC" />
		</Unit>
		<Unit filename="uboot/apps/code/demo_wifi/app_main.c">
			<Option compilerVar="CC" />
		</Unit>
		<Unit filename="uboot/apps/code/demo_wifi/clock.c">
			<Option compilerVar="CC" />
		</Unit>
		<Unit filename="uboot/apps/code/demo_wifi/init.c">
			<Option compilerVar="CC" />
		</Unit>
		<Unit filename="uboot/apps/code/demo_wifi/net_update.c">
			<Option compilerVar="CC" />
		</Unit>
		<Unit filename="uboot/apps/code/demo_wifi/vm_wifi.c">
			<Option compilerVar="CC" />
		</Unit>
		<Unit filename="uboot/apps/code/demo_wifi/weak.c">
			<Option compilerVar="CC" />
		</Unit>
		<Unit filename="uboot/apps/code/demo_wifi/wifi_conf.c">
			<Option compilerVar="CC" />
		</Unit>
		<Unit filename="uboot/apps/code/demo_wifi/wifi_demo_task.c">
			<Option compilerVar="CC" />
		</Unit>
		<Extensions>
			<lib_finder disable_auto="1" />
		</Extensions>
	</Project>
</CodeBlocks_project_file>
